
Microsoft Visual Studio Solution File, Format Version 12.00
# Visual Studio Version 17
VisualStudioVersion = 17.4.33213.308
MinimumVisualStudioVersion = 10.0.40219.1
Project("{E24C65DC-7377-472B-9ABA-BC803B73C61A}") = "Andrei", "http://localhost:54431", "{17CA344B-AF8A-4B5C-AB4E-7881EC93F54A}"
	ProjectSection(WebsiteProperties) = preProject
		UseIISExpress = "true"
		TargetFrameworkMoniker = ".NETFramework,Version%3Dv4.0"
		Debug.AspNetCompiler.VirtualPath = "/localhost_54431"
		Debug.AspNetCompiler.PhysicalPath = "..\..\..\Documents\My Web Sites\Andrei\"
		Debug.AspNetCompiler.TargetPath = "PrecompiledWeb\localhost_54431\"
		Debug.AspNetCompiler.Updateable = "true"
		Debug.AspNetCompiler.ForceOverwrite = "true"
		Debug.AspNetCompiler.FixedNames = "false"
		Debug.AspNetCompiler.Debug = "True"
		Release.AspNetCompiler.VirtualPath = "/localhost_54431"
		Release.AspNetCompiler.PhysicalPath = "..\..\..\Documents\My Web Sites\Andrei\"
		Release.AspNetCompiler.TargetPath = "PrecompiledWeb\localhost_54431\"
		Release.AspNetCompiler.Updateable = "true"
		Release.AspNetCompiler.ForceOverwrite = "true"
		Release.AspNetCompiler.FixedNames = "false"
		Release.AspNetCompiler.Debug = "False"
		SlnRelativePath = "..\..\..\Documents\My Web Sites\Andrei\"
	EndProjectSection
EndProject
Global
	GlobalSection(SolutionConfigurationPlatforms) = preSolution
		Debug|Any CPU = Debug|Any CPU
	EndGlobalSection
	GlobalSection(ProjectConfigurationPlatforms) = postSolution
		{17CA344B-AF8A-4B5C-AB4E-7881EC93F54A}.Debug|Any CPU.ActiveCfg = Debug|Any CPU
		{17CA344B-AF8A-4B5C-AB4E-7881EC93F54A}.Debug|Any CPU.Build.0 = Debug|Any CPU
	EndGlobalSection
	GlobalSection(SolutionProperties) = preSolution
		HideSolutionNode = FALSE
	EndGlobalSection
	GlobalSection(ExtensibilityGlobals) = postSolution
		SolutionGuid = {B7CAFD0F-5B9A-4F98-AF4D-CEF06556B4D7}
	EndGlobalSection
EndGlobal
